
Microsoft Visual Studio Solution File, Format Version 12.00
# Visual Studio 15
VisualStudioVersion = 15.0.28010.2003
MinimumVisualStudioVersion = 10.0.40219.1
Project("{FAE04EC0-301F-11D3-BF4B-00C04F79EFBC}") = "BAT", "BAT\BAT.csproj", "{52B053BB-857C-4645-883D-109E161A06B2}"
EndProject
Project("{9A19103F-16F7-4668-BE54-9A1E7A4F7556}") = "NetSock", "NetSock\NetSock.csproj", "{E1BB77D3-EBFD-429D-9E36-DB00363C5348}"
EndProject
Project("{FAE04EC0-301F-11D3-BF4B-00C04F79EFBC}") = "BATServer", "BATServer\BATServer.csproj", "{C308F29E-C074-480C-94EC-EB9FAD0FCC0D}"
EndProject
Project("{FAE04EC0-301F-11D3-BF4B-00C04F79EFBC}") = "BATClient", "BATClient\BATClient.csproj", "{8DD22654-AE77-4B55-91B9-C868B24E4344}"
EndProject
Global
	GlobalSection(SolutionConfigurationPlatforms) = preSolution
		Debug|Any CPU = Debug|Any CPU
		Release|Any CPU = Release|Any CPU
	EndGlobalSection
	GlobalSection(ProjectConfigurationPlatforms) = postSolution
		{52B053BB-857C-4645-883D-109E161A06B2}.Debug|Any CPU.ActiveCfg = Debug|Any CPU
		{52B053BB-857C-4645-883D-109E161A06B2}.Debug|Any CPU.Build.0 = Debug|Any CPU
		{52B053BB-857C-4645-883D-109E161A06B2}.Release|Any CPU.ActiveCfg = Release|Any CPU
		{52B053BB-857C-4645-883D-109E161A06B2}.Release|Any CPU.Build.0 = Release|Any CPU
		{E1BB77D3-EBFD-429D-9E36-DB00363C5348}.Debug|Any CPU.ActiveCfg = Debug|Any CPU
		{E1BB77D3-EBFD-429D-9E36-DB00363C5348}.Debug|Any CPU.Build.0 = Debug|Any CPU
		{E1BB77D3-EBFD-429D-9E36-DB00363C5348}.Release|Any CPU.ActiveCfg = Release|Any CPU
		{E1BB77D3-EBFD-429D-9E36-DB00363C5348}.Release|Any CPU.Build.0 = Release|Any CPU
		{C308F29E-C074-480C-94EC-EB9FAD0FCC0D}.Debug|Any CPU.ActiveCfg = Debug|Any CPU
		{C308F29E-C074-480C-94EC-EB9FAD0FCC0D}.Debug|Any CPU.Build.0 = Debug|Any CPU
		{C308F29E-C074-480C-94EC-EB9FAD0FCC0D}.Release|Any CPU.ActiveCfg = Release|Any CPU
		{C308F29E-C074-480C-94EC-EB9FAD0FCC0D}.Release|Any CPU.Build.0 = Release|Any CPU
		{8DD22654-AE77-4B55-91B9-C868B24E4344}.Debug|Any CPU.ActiveCfg = Debug|Any CPU
		{8DD22654-AE77-4B55-91B9-C868B24E4344}.Debug|Any CPU.Build.0 = Debug|Any CPU
		{8DD22654-AE77-4B55-91B9-C868B24E4344}.Release|Any CPU.ActiveCfg = Release|Any CPU
		{8DD22654-AE77-4B55-91B9-C868B24E4344}.Release|Any CPU.Build.0 = Release|Any CPU
	EndGlobalSection
	GlobalSection(SolutionProperties) = preSolution
		HideSolutionNode = FALSE
	EndGlobalSection
	GlobalSection(ExtensibilityGlobals) = postSolution
		SolutionGuid = {101485B0-A90A-46D6-99B6-A33B2DAE4306}
	EndGlobalSection
EndGlobal
